
Microsoft Visual Studio Solution File, Format Version 12.00
# Visual Studio Version 16
VisualStudioVersion = 16.0.31605.320
MinimumVisualStudioVersion = 10.0.40219.1
Project("{FAE04EC0-301F-11D3-BF4B-00C04F79EFBC}") = "DataTableTutorial", "DataTableTutorial\DataTableTutorial.csproj", "{3B349FB1-537C-4FD6-A4C2-082476270B92}"
EndProject
Global
	GlobalSection(SolutionConfigurationPlatforms) = preSolution
		Debug|Any CPU = Debug|Any CPU
		Release|Any CPU = Release|Any CPU
	EndGlobalSection
	GlobalSection(ProjectConfigurationPlatforms) = postSolution
		{3B349FB1-537C-4FD6-A4C2-082476270B92}.Debug|Any CPU.ActiveCfg = Debug|Any CPU
		{3B349FB1-537C-4FD6-A4C2-082476270B92}.Debug|Any CPU.Build.0 = Debug|Any CPU
		{3B349FB1-537C-4FD6-A4C2-082476270B92}.Release|Any CPU.ActiveCfg = Release|Any CPU
		{3B349FB1-537C-4FD6-A4C2-082476270B92}.Release|Any CPU.Build.0 = Release|Any CPU
	EndGlobalSection
	GlobalSection(SolutionProperties) = preSolution
		HideSolutionNode = FALSE
	EndGlobalSection
	GlobalSection(ExtensibilityGlobals) = postSolution
		SolutionGuid = {952B5C89-ADBB-46C7-AE7F-781E74C94C57}
	EndGlobalSection
EndGlobal
